
Microsoft Visual Studio Solution File, Format Version 12.00
# Visual Studio Version 16
VisualStudioVersion = 16.0.31729.503
MinimumVisualStudioVersion = 10.0.40219.1
Project("{FAE04EC0-301F-11D3-BF4B-00C04F79EFBC}") = "RonConverter", "RonConverter\RonConverter.csproj", "{5456E134-8EDB-4137-9000-61A301DD064F}"
EndProject
Global
	GlobalSection(SolutionConfigurationPlatforms) = preSolution
		Debug|Any CPU = Debug|Any CPU
		Release|Any CPU = Release|Any CPU
	EndGlobalSection
	GlobalSection(ProjectConfigurationPlatforms) = postSolution
		{5456E134-8EDB-4137-9000-61A301DD064F}.Debug|Any CPU.ActiveCfg = Debug|Any CPU
		{5456E134-8EDB-4137-9000-61A301DD064F}.Debug|Any CPU.Build.0 = Debug|Any CPU
		{5456E134-8EDB-4137-9000-61A301DD064F}.Release|Any CPU.ActiveCfg = Release|Any CPU
		{5456E134-8EDB-4137-9000-61A301DD064F}.Release|Any CPU.Build.0 = Release|Any CPU
	EndGlobalSection
	GlobalSection(SolutionProperties) = preSolution
		HideSolutionNode = FALSE
	EndGlobalSection
	GlobalSection(ExtensibilityGlobals) = postSolution
		SolutionGuid = {4E49D2E4-71CD-4C08-A37E-EB57274E75D3}
	EndGlobalSection
EndGlobal
